// !$*UTF8*$!
{
	archiveVersion = 1;
	classes = {
	};
	objectVersion = 46;
	objects = {

/* Begin PBXBuildFile section */
		8D6245CCA604341D1F9DDE9B /* libPods-Friendship-UP.a in Frameworks */ = {isa = PBXBuildFile; fileRef = 0DEA9A4FE7D75D6AD73EF833 /* libPods-Friendship-UP.a */; };
		A6D368BC1D6FA6C60097CB3A /* main.m in Sources */ = {isa = PBXBuildFile; fileRef = A6D368BB1D6FA6C60097CB3A /* main.m */; };
		A6D368BF1D6FA6C60097CB3A /* AppDelegate.m in Sources */ = {isa = PBXBuildFile; fileRef = A6D368BE1D6FA6C60097CB3A /* AppDelegate.m */; };
		A6D368C71D6FA6C60097CB3A /* Assets.xcassets in Resources */ = {isa = PBXBuildFile; fileRef = A6D368C61D6FA6C60097CB3A /* Assets.xcassets */; };
		A6D368CA1D6FA6C60097CB3A /* LaunchScreen.storyboard in Resources */ = {isa = PBXBuildFile; fileRef = A6D368C81D6FA6C60097CB3A /* LaunchScreen.storyboard */; };
		A6D368DF1D6FA9440097CB3A /* NetworkManager.m in Sources */ = {isa = PBXBuildFile; fileRef = A6D368DE1D6FA9440097CB3A /* NetworkManager.m */; };
		A6D368E31D6FA9AF0097CB3A /* BaseRequestFactory.m in Sources */ = {isa = PBXBuildFile; fileRef = A6D368E21D6FA9AF0097CB3A /* BaseRequestFactory.m */; };
		A6D368E81D6FAAD80097CB3A /* OnboardingAnimatedTutorialViewController.m in Sources */ = {isa = PBXBuildFile; fileRef = A6D368E71D6FAAD80097CB3A /* OnboardingAnimatedTutorialViewController.m */; };
		A6D368EA1D6FAB160097CB3A /* Onboarding.storyboard in Resources */ = {isa = PBXBuildFile; fileRef = A6D368E91D6FAB160097CB3A /* Onboarding.storyboard */; };
		B5C843EF1D78BA4000B3D486 /* UsersRequestFactory.m in Sources */ = {isa = PBXBuildFile; fileRef = B5C843EE1D78BA4000B3D486 /* UsersRequestFactory.m */; };
		B5E90E391D74E4550094FE82 /* AIRVKSdkDelegate.m in Sources */ = {isa = PBXBuildFile; fileRef = B5E90E381D74E4550094FE82 /* AIRVKSdkDelegate.m */; };
		B5E90E3C1D74E75B0094FE82 /* VKManager.m in Sources */ = {isa = PBXBuildFile; fileRef = B5E90E3B1D74E75B0094FE82 /* VKManager.m */; };
/* End PBXBuildFile section */

/* Begin PBXFileReference section */
		0821623CDA11674290DECEC1 /* Pods-Friendship-UP.debug.xcconfig */ = {isa = PBXFileReference; includeInIndex = 1; lastKnownFileType = text.xcconfig; name = "Pods-Friendship-UP.debug.xcconfig"; path = "Pods/Target Support Files/Pods-Friendship-UP/Pods-Friendship-UP.debug.xcconfig"; sourceTree = "<group>"; };
		0DEA9A4FE7D75D6AD73EF833 /* libPods-Friendship-UP.a */ = {isa = PBXFileReference; explicitFileType = archive.ar; includeInIndex = 0; path = "libPods-Friendship-UP.a"; sourceTree = BUILT_PRODUCTS_DIR; };
		A6D368B71D6FA6C50097CB3A /* Friendship-UP.app */ = {isa = PBXFileReference; explicitFileType = wrapper.application; includeInIndex = 0; path = "Friendship-UP.app"; sourceTree = BUILT_PRODUCTS_DIR; };
		A6D368BB1D6FA6C60097CB3A /* main.m */ = {isa = PBXFileReference; lastKnownFileType = sourcecode.c.objc; path = main.m; sourceTree = "<group>"; };
		A6D368BD1D6FA6C60097CB3A /* AppDelegate.h */ = {isa = PBXFileReference; lastKnownFileType = sourcecode.c.h; path = AppDelegate.h; sourceTree = "<group>"; };
		A6D368BE1D6FA6C60097CB3A /* AppDelegate.m */ = {isa = PBXFileReference; lastKnownFileType = sourcecode.c.objc; path = AppDelegate.m; sourceTree = "<group>"; };
		A6D368C61D6FA6C60097CB3A /* Assets.xcassets */ = {isa = PBXFileReference; lastKnownFileType = folder.assetcatalog; path = Assets.xcassets; sourceTree = "<group>"; };
		A6D368C91D6FA6C60097CB3A /* Base */ = {isa = PBXFileReference; lastKnownFileType = file.storyboard; name = Base; path = Base.lproj/LaunchScreen.storyboard; sourceTree = "<group>"; };
		A6D368CB1D6FA6C60097CB3A /* Info.plist */ = {isa = PBXFileReference; lastKnownFileType = text.plist.xml; path = Info.plist; sourceTree = "<group>"; };
		A6D368DC1D6FA91D0097CB3A /* NetworkConstants.h */ = {isa = PBXFileReference; lastKnownFileType = sourcecode.c.h; path = NetworkConstants.h; sourceTree = "<group>"; };
		A6D368DD1D6FA9440097CB3A /* NetworkManager.h */ = {isa = PBXFileReference; fileEncoding = 4; lastKnownFileType = sourcecode.c.h; path = NetworkManager.h; sourceTree = "<group>"; };
		A6D368DE1D6FA9440097CB3A /* NetworkManager.m */ = {isa = PBXFileReference; fileEncoding = 4; lastKnownFileType = sourcecode.c.objc; path = NetworkManager.m; sourceTree = "<group>"; };
		A6D368E11D6FA9AF0097CB3A /* BaseRequestFactory.h */ = {isa = PBXFileReference; fileEncoding = 4; lastKnownFileType = sourcecode.c.h; path = BaseRequestFactory.h; sourceTree = "<group>"; };
		A6D368E21D6FA9AF0097CB3A /* BaseRequestFactory.m */ = {isa = PBXFileReference; fileEncoding = 4; lastKnownFileType = sourcecode.c.objc; path = BaseRequestFactory.m; sourceTree = "<group>"; };
		A6D368E41D6FAA230097CB3A /* DefaultsConstants.h */ = {isa = PBXFileReference; lastKnownFileType = sourcecode.c.h; path = DefaultsConstants.h; sourceTree = "<group>"; };
		A6D368E61D6FAAD80097CB3A /* OnboardingAnimatedTutorialViewController.h */ = {isa = PBXFileReference; fileEncoding = 4; lastKnownFileType = sourcecode.c.h; path = OnboardingAnimatedTutorialViewController.h; sourceTree = "<group>"; };
		A6D368E71D6FAAD80097CB3A /* OnboardingAnimatedTutorialViewController.m */ = {isa = PBXFileReference; fileEncoding = 4; lastKnownFileType = sourcecode.c.objc; path = OnboardingAnimatedTutorialViewController.m; sourceTree = "<group>"; };
		A6D368E91D6FAB160097CB3A /* Onboarding.storyboard */ = {isa = PBXFileReference; fileEncoding = 4; lastKnownFileType = file.storyboard; path = Onboarding.storyboard; sourceTree = "<group>"; };
		B5C843ED1D78BA4000B3D486 /* UsersRequestFactory.h */ = {isa = PBXFileReference; fileEncoding = 4; lastKnownFileType = sourcecode.c.h; path = UsersRequestFactory.h; sourceTree = "<group>"; };
		B5C843EE1D78BA4000B3D486 /* UsersRequestFactory.m */ = {isa = PBXFileReference; fileEncoding = 4; lastKnownFileType = sourcecode.c.objc; path = UsersRequestFactory.m; sourceTree = "<group>"; };
		B5E90E371D74E4550094FE82 /* AIRVKSdkDelegate.h */ = {isa = PBXFileReference; fileEncoding = 4; lastKnownFileType = sourcecode.c.h; path = AIRVKSdkDelegate.h; sourceTree = "<group>"; };
		B5E90E381D74E4550094FE82 /* AIRVKSdkDelegate.m */ = {isa = PBXFileReference; fileEncoding = 4; lastKnownFileType = sourcecode.c.objc; path = AIRVKSdkDelegate.m; sourceTree = "<group>"; };
		B5E90E3A1D74E75B0094FE82 /* VKManager.h */ = {isa = PBXFileReference; fileEncoding = 4; lastKnownFileType = sourcecode.c.h; path = VKManager.h; sourceTree = "<group>"; };
		B5E90E3B1D74E75B0094FE82 /* VKManager.m */ = {isa = PBXFileReference; fileEncoding = 4; lastKnownFileType = sourcecode.c.objc; path = VKManager.m; sourceTree = "<group>"; };
		E8B0602BB1698138778BC270 /* Pods-Friendship-UP.release.xcconfig */ = {isa = PBXFileReference; includeInIndex = 1; lastKnownFileType = text.xcconfig; name = "Pods-Friendship-UP.release.xcconfig"; path = "Pods/Target Support Files/Pods-Friendship-UP/Pods-Friendship-UP.release.xcconfig"; sourceTree = "<group>"; };
/* End PBXFileReference section */

/* Begin PBXFrameworksBuildPhase section */
		A6D368B41D6FA6C50097CB3A /* Frameworks */ = {
			isa = PBXFrameworksBuildPhase;
			buildActionMask = 2147483647;
			files = (
				8D6245CCA604341D1F9DDE9B /* libPods-Friendship-UP.a in Frameworks */,
			);
			runOnlyForDeploymentPostprocessing = 0;
		};
/* End PBXFrameworksBuildPhase section */

/* Begin PBXGroup section */
		4EA918F8DBC3085CC7371367 /* Frameworks */ = {
			isa = PBXGroup;
			children = (
				0DEA9A4FE7D75D6AD73EF833 /* libPods-Friendship-UP.a */,
			);
			name = Frameworks;
			sourceTree = "<group>";
		};
		A6D368AE1D6FA6C50097CB3A = {
			isa = PBXGroup;
			children = (
				A6D368B91D6FA6C60097CB3A /* Friendship-UP */,
				A6D368B81D6FA6C50097CB3A /* Products */,
				BB6AD41B4816EC674C9E053B /* Pods */,
				4EA918F8DBC3085CC7371367 /* Frameworks */,
			);
			sourceTree = "<group>";
		};
		A6D368B81D6FA6C50097CB3A /* Products */ = {
			isa = PBXGroup;
			children = (
				A6D368B71D6FA6C50097CB3A /* Friendship-UP.app */,
			);
			name = Products;
			sourceTree = "<group>";
		};
		A6D368B91D6FA6C60097CB3A /* Friendship-UP */ = {
			isa = PBXGroup;
			children = (
				A6D368D31D6FA7B10097CB3A /* Classes */,
				A6D368D11D6FA7770097CB3A /* Resources */,
				A6D368BA1D6FA6C60097CB3A /* Supporting Files */,
			);
			path = "Friendship-UP";
			sourceTree = "<group>";
		};
		A6D368BA1D6FA6C60097CB3A /* Supporting Files */ = {
			isa = PBXGroup;
			children = (
				A6D368CB1D6FA6C60097CB3A /* Info.plist */,
				A6D368BB1D6FA6C60097CB3A /* main.m */,
			);
			name = "Supporting Files";
			sourceTree = "<group>";
		};
		A6D368D11D6FA7770097CB3A /* Resources */ = {
			isa = PBXGroup;
			children = (
				A6D368E51D6FAA380097CB3A /* Fonts */,
				A6D368C81D6FA6C60097CB3A /* LaunchScreen.storyboard */,
				A6D368C61D6FA6C60097CB3A /* Assets.xcassets */,
			);
			name = Resources;
			sourceTree = "<group>";
		};
		A6D368D21D6FA7A60097CB3A /* Application */ = {
			isa = PBXGroup;
			children = (
				A6D368BD1D6FA6C60097CB3A /* AppDelegate.h */,
				A6D368BE1D6FA6C60097CB3A /* AppDelegate.m */,
			);
			name = Application;
			sourceTree = "<group>";
		};
		A6D368D31D6FA7B10097CB3A /* Classes */ = {
			isa = PBXGroup;
			children = (
				A6D368D21D6FA7A60097CB3A /* Application */,
				A6D368D41D6FA7D70097CB3A /* Categories */,
				A6D368D51D6FA7DF0097CB3A /* Models */,
				A6D368D61D6FA7EF0097CB3A /* Services */,
				A6D368D71D6FA7FA0097CB3A /* Constants */,
				A6D368D81D6FA8000097CB3A /* Views and Controllers */,
			);
			name = Classes;
			sourceTree = "<group>";
		};
		A6D368D41D6FA7D70097CB3A /* Categories */ = {
			isa = PBXGroup;
			children = (
			);
			name = Categories;
			sourceTree = "<group>";
		};
		A6D368D51D6FA7DF0097CB3A /* Models */ = {
			isa = PBXGroup;
			children = (
			);
			name = Models;
			sourceTree = "<group>";
		};
		A6D368D61D6FA7EF0097CB3A /* Services */ = {
			isa = PBXGroup;
			children = (
				A6D368DB1D6FA90A0097CB3A /* Network Managers */,
				A6D368E01D6FA96B0097CB3A /* Request Factories */,
			);
			name = Services;
			sourceTree = "<group>";
		};
		A6D368D71D6FA7FA0097CB3A /* Constants */ = {
			isa = PBXGroup;
			children = (
				A6D368E41D6FAA230097CB3A /* DefaultsConstants.h */,
			);
			name = Constants;
			sourceTree = "<group>";
		};
		A6D368D81D6FA8000097CB3A /* Views and Controllers */ = {
			isa = PBXGroup;
			children = (
				A6D368DA1D6FA8720097CB3A /* Base Controllers */,
				A6D368D91D6FA8540097CB3A /* Login Flow */,
			);
			name = "Views and Controllers";
			sourceTree = "<group>";
		};
		A6D368D91D6FA8540097CB3A /* Login Flow */ = {
			isa = PBXGroup;
			children = (
				A6D368E91D6FAB160097CB3A /* Onboarding.storyboard */,
				A6D368E61D6FAAD80097CB3A /* OnboardingAnimatedTutorialViewController.h */,
				A6D368E71D6FAAD80097CB3A /* OnboardingAnimatedTutorialViewController.m */,
				B5E90E371D74E4550094FE82 /* AIRVKSdkDelegate.h */,
				B5E90E381D74E4550094FE82 /* AIRVKSdkDelegate.m */,
				B5E90E3A1D74E75B0094FE82 /* VKManager.h */,
				B5E90E3B1D74E75B0094FE82 /* VKManager.m */,
			);
			name = "Login Flow";
			sourceTree = "<group>";
		};
		A6D368DA1D6FA8720097CB3A /* Base Controllers */ = {
			isa = PBXGroup;
			children = (
			);
			name = "Base Controllers";
			sourceTree = "<group>";
		};
		A6D368DB1D6FA90A0097CB3A /* Network Managers */ = {
			isa = PBXGroup;
			children = (
				A6D368DC1D6FA91D0097CB3A /* NetworkConstants.h */,
				A6D368DD1D6FA9440097CB3A /* NetworkManager.h */,
				A6D368DE1D6FA9440097CB3A /* NetworkManager.m */,
			);
			name = "Network Managers";
			sourceTree = "<group>";
		};
		A6D368E01D6FA96B0097CB3A /* Request Factories */ = {
			isa = PBXGroup;
			children = (
				A6D368E11D6FA9AF0097CB3A /* BaseRequestFactory.h */,
				A6D368E21D6FA9AF0097CB3A /* BaseRequestFactory.m */,
				B5C843ED1D78BA4000B3D486 /* UsersRequestFactory.h */,
				B5C843EE1D78BA4000B3D486 /* UsersRequestFactory.m */,
			);
			name = "Request Factories";
			sourceTree = "<group>";
		};
		A6D368E51D6FAA380097CB3A /* Fonts */ = {
			isa = PBXGroup;
			children = (
			);
			name = Fonts;
			sourceTree = "<group>";
		};
		BB6AD41B4816EC674C9E053B /* Pods */ = {
			isa = PBXGroup;
			children = (
				0821623CDA11674290DECEC1 /* Pods-Friendship-UP.debug.xcconfig */,
				E8B0602BB1698138778BC270 /* Pods-Friendship-UP.release.xcconfig */,
			);
			name = Pods;
			sourceTree = "<group>";
		};
/* End PBXGroup section */

/* Begin PBXNativeTarget section */
		A6D368B61D6FA6C50097CB3A /* Friendship-UP */ = {
			isa = PBXNativeTarget;
			buildConfigurationList = A6D368CE1D6FA6C60097CB3A /* Build configuration list for PBXNativeTarget "Friendship-UP" */;
			buildPhases = (
				B042782A35ED229DAD511381 /* [CP] Check Pods Manifest.lock */,
				A6D368B31D6FA6C50097CB3A /* Sources */,
				A6D368B41D6FA6C50097CB3A /* Frameworks */,
				A6D368B51D6FA6C50097CB3A /* Resources */,
				EE7F57FC6D795426639488A7 /* [CP] Embed Pods Frameworks */,
				FC1D0CA7212FE046CA6A0110 /* [CP] Copy Pods Resources */,
			);
			buildRules = (
			);
			dependencies = (
			);
			name = "Friendship-UP";
			productName = "Friendship-UP";
			productReference = A6D368B71D6FA6C50097CB3A /* Friendship-UP.app */;
			productType = "com.apple.product-type.application";
		};
/* End PBXNativeTarget section */

/* Begin PBXProject section */
		A6D368AF1D6FA6C50097CB3A /* Project object */ = {
			isa = PBXProject;
			attributes = {
				LastUpgradeCheck = 0730;
				ORGANIZATIONNAME = ed8009;
				TargetAttributes = {
					A6D368B61D6FA6C50097CB3A = {
						CreatedOnToolsVersion = 7.3.1;
						DevelopmentTeam = J69KN42852;
					};
				};
			};
			buildConfigurationList = A6D368B21D6FA6C50097CB3A /* Build configuration list for PBXProject "Friendship-UP" */;
			compatibilityVersion = "Xcode 3.2";
			developmentRegion = English;
			hasScannedForEncodings = 0;
			knownRegions = (
				en,
				Base,
			);
			mainGroup = A6D368AE1D6FA6C50097CB3A;
			productRefGroup = A6D368B81D6FA6C50097CB3A /* Products */;
			projectDirPath = "";
			projectRoot = "";
			targets = (
				A6D368B61D6FA6C50097CB3A /* Friendship-UP */,
			);
		};
/* End PBXProject section */

/* Begin PBXResourcesBuildPhase section */
		A6D368B51D6FA6C50097CB3A /* Resources */ = {
			isa = PBXResourcesBuildPhase;
			buildActionMask = 2147483647;
			files = (
				A6D368EA1D6FAB160097CB3A /* Onboarding.storyboard in Resources */,
				A6D368CA1D6FA6C60097CB3A /* LaunchScreen.storyboard in Resources */,
				A6D368C71D6FA6C60097CB3A /* Assets.xcassets in Resources */,
			);
			runOnlyForDeploymentPostprocessing = 0;
		};
/* End PBXResourcesBuildPhase section */

/* Begin PBXShellScriptBuildPhase section */
		B042782A35ED229DAD511381 /* [CP] Check Pods Manifest.lock */ = {
			isa = PBXShellScriptBuildPhase;
			buildActionMask = 2147483647;
			files = (
			);
			inputPaths = (
			);
			name = "[CP] Check Pods Manifest.lock";
			outputPaths = (
			);
			runOnlyForDeploymentPostprocessing = 0;
			shellPath = /bin/sh;
			shellScript = "diff \"${PODS_ROOT}/../Podfile.lock\" \"${PODS_ROOT}/Manifest.lock\" > /dev/null\nif [[ $? != 0 ]] ; then\n    cat << EOM\nerror: The sandbox is not in sync with the Podfile.lock. Run 'pod install' or update your CocoaPods installation.\nEOM\n    exit 1\nfi\n";
			showEnvVarsInLog = 0;
		};
		EE7F57FC6D795426639488A7 /* [CP] Embed Pods Frameworks */ = {
			isa = PBXShellScriptBuildPhase;
			buildActionMask = 2147483647;
			files = (
			);
			inputPaths = (
			);
			name = "[CP] Embed Pods Frameworks";
			outputPaths = (
			);
			runOnlyForDeploymentPostprocessing = 0;
			shellPath = /bin/sh;
			shellScript = "\"${SRCROOT}/Pods/Target Support Files/Pods-Friendship-UP/Pods-Friendship-UP-frameworks.sh\"\n";
			showEnvVarsInLog = 0;
		};
		FC1D0CA7212FE046CA6A0110 /* [CP] Copy Pods Resources */ = {
			isa = PBXShellScriptBuildPhase;
			buildActionMask = 2147483647;
			files = (
			);
			inputPaths = (
			);
			name = "[CP] Copy Pods Resources";
			outputPaths = (
			);
			runOnlyForDeploymentPostprocessing = 0;
			shellPath = /bin/sh;
			shellScript = "\"${SRCROOT}/Pods/Target Support Files/Pods-Friendship-UP/Pods-Friendship-UP-resources.sh\"\n";
			showEnvVarsInLog = 0;
		};
/* End PBXShellScriptBuildPhase section */

/* Begin PBXSourcesBuildPhase section */
		A6D368B31D6FA6C50097CB3A /* Sources */ = {
			isa = PBXSourcesBuildPhase;
			buildActionMask = 2147483647;
			files = (
				A6D368E31D6FA9AF0097CB3A /* BaseRequestFactory.m in Sources */,
				B5E90E391D74E4550094FE82 /* AIRVKSdkDelegate.m in Sources */,
				A6D368BF1D6FA6C60097CB3A /* AppDelegate.m in Sources */,
				B5C843EF1D78BA4000B3D486 /* UsersRequestFactory.m in Sources */,
				B5E90E3C1D74E75B0094FE82 /* VKManager.m in Sources */,
				A6D368E81D6FAAD80097CB3A /* OnboardingAnimatedTutorialViewController.m in Sources */,
				A6D368BC1D6FA6C60097CB3A /* main.m in Sources */,
				A6D368DF1D6FA9440097CB3A /* NetworkManager.m in Sources */,
			);
			runOnlyForDeploymentPostprocessing = 0;
		};
/* End PBXSourcesBuildPhase section */

/* Begin PBXVariantGroup section */
		A6D368C81D6FA6C60097CB3A /* LaunchScreen.storyboard */ = {
			isa = PBXVariantGroup;
			children = (
				A6D368C91D6FA6C60097CB3A /* Base */,
			);
			name = LaunchScreen.storyboard;
			sourceTree = "<group>";
		};
/* End PBXVariantGroup section */

/* Begin XCBuildConfiguration section */
		A6D368CC1D6FA6C60097CB3A /* Debug */ = {
			isa = XCBuildConfiguration;
			buildSettings = {
				ALWAYS_SEARCH_USER_PATHS = NO;
				CLANG_ANALYZER_NONNULL = YES;
				CLANG_CXX_LANGUAGE_STANDARD = "gnu++0x";
				CLANG_CXX_LIBRARY = "libc++";
				CLANG_ENABLE_MODULES = YES;
				CLANG_ENABLE_OBJC_ARC = YES;
				CLANG_WARN_BOOL_CONVERSION = YES;
				CLANG_WARN_CONSTANT_CONVERSION = YES;
				CLANG_WARN_DIRECT_OBJC_ISA_USAGE = YES_ERROR;
				CLANG_WARN_EMPTY_BODY = YES;
				CLANG_WARN_ENUM_CONVERSION = YES;
				CLANG_WARN_INT_CONVERSION = YES;
				CLANG_WARN_OBJC_ROOT_CLASS = YES_ERROR;
				CLANG_WARN_UNREACHABLE_CODE = YES;
				CLANG_WARN__DUPLICATE_METHOD_MATCH = YES;
				"CODE_SIGN_IDENTITY[sdk=iphoneos*]" = "iPhone Developer";
				COPY_PHASE_STRIP = NO;
				DEBUG_INFORMATION_FORMAT = dwarf;
				ENABLE_STRICT_OBJC_MSGSEND = YES;
				ENABLE_TESTABILITY = YES;
				GCC_C_LANGUAGE_STANDARD = gnu99;
				GCC_DYNAMIC_NO_PIC = NO;
				GCC_NO_COMMON_BLOCKS = YES;
				GCC_OPTIMIZATION_LEVEL = 0;
				GCC_PREPROCESSOR_DEFINITIONS = (
					"DEBUG=1",
					"$(inherited)",
				);
				GCC_WARN_64_TO_32_BIT_CONVERSION = YES;
				GCC_WARN_ABOUT_RETURN_TYPE = YES_ERROR;
				GCC_WARN_UNDECLARED_SELECTOR = YES;
				GCC_WARN_UNINITIALIZED_AUTOS = YES_AGGRESSIVE;
				GCC_WARN_UNUSED_FUNCTION = YES;
				GCC_WARN_UNUSED_VARIABLE = YES;
				IPHONEOS_DEPLOYMENT_TARGET = 9.3;
				MTL_ENABLE_DEBUG_INFO = YES;
				ONLY_ACTIVE_ARCH = YES;
				SDKROOT = iphoneos;
			};
			name = Debug;
		};
		A6D368CD1D6FA6C60097CB3A /* Release */ = {
			isa = XCBuildConfiguration;
			buildSettings = {
				ALWAYS_SEARCH_USER_PATHS = NO;
				CLANG_ANALYZER_NONNULL = YES;
				CLANG_CXX_LANGUAGE_STANDARD = "gnu++0x";
				CLANG_CXX_LIBRARY = "libc++";
				CLANG_ENABLE_MODULES = YES;
				CLANG_ENABLE_OBJC_ARC = YES;
				CLANG_WARN_BOOL_CONVERSION = YES;
				CLANG_WARN_CONSTANT_CONVERSION = YES;
				CLANG_WARN_DIRECT_OBJC_ISA_USAGE = YES_ERROR;
				CLANG_WARN_EMPTY_BODY = YES;
				CLANG_WARN_ENUM_CONVERSION = YES;
				CLANG_WARN_INT_CONVERSION = YES;
				CLANG_WARN_OBJC_ROOT_CLASS = YES_ERROR;
				CLANG_WARN_UNREACHABLE_CODE = YES;
				CLANG_WARN__DUPLICATE_METHOD_MATCH = YES;
				"CODE_SIGN_IDENTITY[sdk=iphoneos*]" = "iPhone Developer";
				COPY_PHASE_STRIP = NO;
				DEBUG_INFORMATION_FORMAT = "dwarf-with-dsym";
				ENABLE_NS_ASSERTIONS = NO;
				ENABLE_STRICT_OBJC_MSGSEND = YES;
				GCC_C_LANGUAGE_STANDARD = gnu99;
				GCC_NO_COMMON_BLOCKS = YES;
				GCC_WARN_64_TO_32_BIT_CONVERSION = YES;
				GCC_WARN_ABOUT_RETURN_TYPE = YES_ERROR;
				GCC_WARN_UNDECLARED_SELECTOR = YES;
				GCC_WARN_UNINITIALIZED_AUTOS = YES_AGGRESSIVE;
				GCC_WARN_UNUSED_FUNCTION = YES;
				GCC_WARN_UNUSED_VARIABLE = YES;
				IPHONEOS_DEPLOYMENT_TARGET = 9.3;
				MTL_ENABLE_DEBUG_INFO = NO;
				SDKROOT = iphoneos;
				VALIDATE_PRODUCT = YES;
			};
			name = Release;
		};
		A6D368CF1D6FA6C60097CB3A /* Debug */ = {
			isa = XCBuildConfiguration;
			baseConfigurationReference = 0821623CDA11674290DECEC1 /* Pods-Friendship-UP.debug.xcconfig */;
			buildSettings = {
				ASSETCATALOG_COMPILER_APPICON_NAME = AppIcon;
				CODE_SIGN_IDENTITY = "iPhone Developer";
				INFOPLIST_FILE = "Friendship-UP/Info.plist";
				IPHONEOS_DEPLOYMENT_TARGET = 8.4;
				LD_RUNPATH_SEARCH_PATHS = "$(inherited) @executable_path/Frameworks";
				PRODUCT_BUNDLE_IDENTIFIER = "mobile-dev.Friendship-UP";
				PRODUCT_NAME = "$(TARGET_NAME)";
			};
			name = Debug;
		};
		A6D368D01D6FA6C60097CB3A /* Release */ = {
			isa = XCBuildConfiguration;
			baseConfigurationReference = E8B0602BB1698138778BC270 /* Pods-Friendship-UP.release.xcconfig */;
			buildSettings = {
				ASSETCATALOG_COMPILER_APPICON_NAME = AppIcon;
				CODE_SIGN_IDENTITY = "iPhone Developer";
				INFOPLIST_FILE = "Friendship-UP/Info.plist";
				IPHONEOS_DEPLOYMENT_TARGET = 8.4;
				LD_RUNPATH_SEARCH_PATHS = "$(inherited) @executable_path/Frameworks";
				PRODUCT_BUNDLE_IDENTIFIER = "mobile-dev.Friendship-UP";
				PRODUCT_NAME = "$(TARGET_NAME)";
			};
			name = Release;
		};
/* End XCBuildConfiguration section */

/* Begin XCConfigurationList section */
		A6D368B21D6FA6C50097CB3A /* Build configuration list for PBXProject "Friendship-UP" */ = {
			isa = XCConfigurationList;
			buildConfigurations = (
				A6D368CC1D6FA6C60097CB3A /* Debug */,
				A6D368CD1D6FA6C60097CB3A /* Release */,
			);
			defaultConfigurationIsVisible = 0;
			defaultConfigurationName = Release;
		};
		A6D368CE1D6FA6C60097CB3A /* Build configuration list for PBXNativeTarget "Friendship-UP" */ = {
			isa = XCConfigurationList;
			buildConfigurations = (
				A6D368CF1D6FA6C60097CB3A /* Debug */,
				A6D368D01D6FA6C60097CB3A /* Release */,
			);
			defaultConfigurationIsVisible = 0;
			defaultConfigurationName = Release;
		};
/* End XCConfigurationList section */
	};
	rootObject = A6D368AF1D6FA6C50097CB3A /* Project object */;
}
